
Microsoft Visual Studio Solution File, Format Version 12.00
# Visual Studio Version 16
VisualStudioVersion = 16.0.29509.3
MinimumVisualStudioVersion = 10.0.40219.1
Project("{9A19103F-16F7-4668-BE54-9A1E7A4F7556}") = "Web", "Web\Web.csproj", "{CFB42669-B904-4D93-8768-BB4B4B0B43F6}"
	ProjectSection(ProjectDependencies) = postProject
		{2D5D9827-3923-4646-A2C7-56FA8C934BE7} = {2D5D9827-3923-4646-A2C7-56FA8C934BE7}
		{8B50AB2B-BA75-4E40-A843-59F9B52B96C7} = {8B50AB2B-BA75-4E40-A843-59F9B52B96C7}
		{399D98D2-CEEF-4DD2-A737-DD35CC190AFC} = {399D98D2-CEEF-4DD2-A737-DD35CC190AFC}
		{4EF577DD-003B-4784-8603-0D06606BA8E5} = {4EF577DD-003B-4784-8603-0D06606BA8E5}
	EndProjectSection
EndProject
Project("{9A19103F-16F7-4668-BE54-9A1E7A4F7556}") = "Data", "Data\Data.csproj", "{8B50AB2B-BA75-4E40-A843-59F9B52B96C7}"
	ProjectSection(ProjectDependencies) = postProject
		{4EF577DD-003B-4784-8603-0D06606BA8E5} = {4EF577DD-003B-4784-8603-0D06606BA8E5}
	EndProjectSection
EndProject
Project("{9A19103F-16F7-4668-BE54-9A1E7A4F7556}") = "Utilities", "Utilities\Utilities.csproj", "{399D98D2-CEEF-4DD2-A737-DD35CC190AFC}"
EndProject
Project("{9A19103F-16F7-4668-BE54-9A1E7A4F7556}") = "Resources", "Resources\Resources.csproj", "{4EF577DD-003B-4784-8603-0D06606BA8E5}"
EndProject
Project("{9A19103F-16F7-4668-BE54-9A1E7A4F7556}") = "Repositories", "Repositories\Repositories.csproj", "{2D5D9827-3923-4646-A2C7-56FA8C934BE7}"
	ProjectSection(ProjectDependencies) = postProject
		{8B50AB2B-BA75-4E40-A843-59F9B52B96C7} = {8B50AB2B-BA75-4E40-A843-59F9B52B96C7}
	EndProjectSection
EndProject
Global
	GlobalSection(SolutionConfigurationPlatforms) = preSolution
		Debug|Any CPU = Debug|Any CPU
		DEV|Any CPU = DEV|Any CPU
		Release|Any CPU = Release|Any CPU
		UAT|Any CPU = UAT|Any CPU
	EndGlobalSection
	GlobalSection(ProjectConfigurationPlatforms) = postSolution
		{CFB42669-B904-4D93-8768-BB4B4B0B43F6}.Debug|Any CPU.ActiveCfg = Debug|Any CPU
		{CFB42669-B904-4D93-8768-BB4B4B0B43F6}.Debug|Any CPU.Build.0 = Debug|Any CPU
		{CFB42669-B904-4D93-8768-BB4B4B0B43F6}.DEV|Any CPU.ActiveCfg = DEV|Any CPU
		{CFB42669-B904-4D93-8768-BB4B4B0B43F6}.DEV|Any CPU.Build.0 = DEV|Any CPU
		{CFB42669-B904-4D93-8768-BB4B4B0B43F6}.Release|Any CPU.ActiveCfg = Release|Any CPU
		{CFB42669-B904-4D93-8768-BB4B4B0B43F6}.Release|Any CPU.Build.0 = Release|Any CPU
		{CFB42669-B904-4D93-8768-BB4B4B0B43F6}.UAT|Any CPU.ActiveCfg = UAT|Any CPU
		{CFB42669-B904-4D93-8768-BB4B4B0B43F6}.UAT|Any CPU.Build.0 = UAT|Any CPU
		{8B50AB2B-BA75-4E40-A843-59F9B52B96C7}.Debug|Any CPU.ActiveCfg = Debug|Any CPU
		{8B50AB2B-BA75-4E40-A843-59F9B52B96C7}.Debug|Any CPU.Build.0 = Debug|Any CPU
		{8B50AB2B-BA75-4E40-A843-59F9B52B96C7}.DEV|Any CPU.ActiveCfg = Debug|Any CPU
		{8B50AB2B-BA75-4E40-A843-59F9B52B96C7}.DEV|Any CPU.Build.0 = Debug|Any CPU
		{8B50AB2B-BA75-4E40-A843-59F9B52B96C7}.Release|Any CPU.ActiveCfg = Release|Any CPU
		{8B50AB2B-BA75-4E40-A843-59F9B52B96C7}.Release|Any CPU.Build.0 = Release|Any CPU
		{8B50AB2B-BA75-4E40-A843-59F9B52B96C7}.UAT|Any CPU.ActiveCfg = Release|Any CPU
		{8B50AB2B-BA75-4E40-A843-59F9B52B96C7}.UAT|Any CPU.Build.0 = Release|Any CPU
		{399D98D2-CEEF-4DD2-A737-DD35CC190AFC}.Debug|Any CPU.ActiveCfg = Debug|Any CPU
		{399D98D2-CEEF-4DD2-A737-DD35CC190AFC}.Debug|Any CPU.Build.0 = Debug|Any CPU
		{399D98D2-CEEF-4DD2-A737-DD35CC190AFC}.DEV|Any CPU.ActiveCfg = Debug|Any CPU
		{399D98D2-CEEF-4DD2-A737-DD35CC190AFC}.DEV|Any CPU.Build.0 = Debug|Any CPU
		{399D98D2-CEEF-4DD2-A737-DD35CC190AFC}.Release|Any CPU.ActiveCfg = Release|Any CPU
		{399D98D2-CEEF-4DD2-A737-DD35CC190AFC}.Release|Any CPU.Build.0 = Release|Any CPU
		{399D98D2-CEEF-4DD2-A737-DD35CC190AFC}.UAT|Any CPU.ActiveCfg = Release|Any CPU
		{399D98D2-CEEF-4DD2-A737-DD35CC190AFC}.UAT|Any CPU.Build.0 = Release|Any CPU
		{4EF577DD-003B-4784-8603-0D06606BA8E5}.Debug|Any CPU.ActiveCfg = Debug|Any CPU
		{4EF577DD-003B-4784-8603-0D06606BA8E5}.Debug|Any CPU.Build.0 = Debug|Any CPU
		{4EF577DD-003B-4784-8603-0D06606BA8E5}.DEV|Any CPU.ActiveCfg = Debug|Any CPU
		{4EF577DD-003B-4784-8603-0D06606BA8E5}.DEV|Any CPU.Build.0 = Debug|Any CPU
		{4EF577DD-003B-4784-8603-0D06606BA8E5}.Release|Any CPU.ActiveCfg = Release|Any CPU
		{4EF577DD-003B-4784-8603-0D06606BA8E5}.Release|Any CPU.Build.0 = Release|Any CPU
		{4EF577DD-003B-4784-8603-0D06606BA8E5}.UAT|Any CPU.ActiveCfg = Release|Any CPU
		{4EF577DD-003B-4784-8603-0D06606BA8E5}.UAT|Any CPU.Build.0 = Release|Any CPU
		{2D5D9827-3923-4646-A2C7-56FA8C934BE7}.Debug|Any CPU.ActiveCfg = Debug|Any CPU
		{2D5D9827-3923-4646-A2C7-56FA8C934BE7}.Debug|Any CPU.Build.0 = Debug|Any CPU
		{2D5D9827-3923-4646-A2C7-56FA8C934BE7}.DEV|Any CPU.ActiveCfg = Debug|Any CPU
		{2D5D9827-3923-4646-A2C7-56FA8C934BE7}.DEV|Any CPU.Build.0 = Debug|Any CPU
		{2D5D9827-3923-4646-A2C7-56FA8C934BE7}.Release|Any CPU.ActiveCfg = Release|Any CPU
		{2D5D9827-3923-4646-A2C7-56FA8C934BE7}.Release|Any CPU.Build.0 = Release|Any CPU
		{2D5D9827-3923-4646-A2C7-56FA8C934BE7}.UAT|Any CPU.ActiveCfg = Release|Any CPU
		{2D5D9827-3923-4646-A2C7-56FA8C934BE7}.UAT|Any CPU.Build.0 = Release|Any CPU
	EndGlobalSection
	GlobalSection(SolutionProperties) = preSolution
		HideSolutionNode = FALSE
	EndGlobalSection
	GlobalSection(ExtensibilityGlobals) = postSolution
		SolutionGuid = {3979BFD5-E190-48DB-A7B0-D98FFAD5A34A}
	EndGlobalSection
EndGlobal
